
Microsoft Visual Studio Solution File, Format Version 12.00
# Visual Studio Version 16
VisualStudioVersion = 16.0.32228.343
MinimumVisualStudioVersion = 10.0.40219.1
Project("{FAE04EC0-301F-11D3-BF4B-00C04F79EFBC}") = "ProductorConsumidor", "ProductorConsumidor\ProductorConsumidor.csproj", "{40093A4D-EFA4-4FF6-82FA-F4F534CE3CD9}"
EndProject
Global
	GlobalSection(SolutionConfigurationPlatforms) = preSolution
		Debug|Any CPU = Debug|Any CPU
		Release|Any CPU = Release|Any CPU
	EndGlobalSection
	GlobalSection(ProjectConfigurationPlatforms) = postSolution
		{40093A4D-EFA4-4FF6-82FA-F4F534CE3CD9}.Debug|Any CPU.ActiveCfg = Debug|Any CPU
		{40093A4D-EFA4-4FF6-82FA-F4F534CE3CD9}.Debug|Any CPU.Build.0 = Debug|Any CPU
		{40093A4D-EFA4-4FF6-82FA-F4F534CE3CD9}.Release|Any CPU.ActiveCfg = Release|Any CPU
		{40093A4D-EFA4-4FF6-82FA-F4F534CE3CD9}.Release|Any CPU.Build.0 = Release|Any CPU
	EndGlobalSection
	GlobalSection(SolutionProperties) = preSolution
		HideSolutionNode = FALSE
	EndGlobalSection
	GlobalSection(ExtensibilityGlobals) = postSolution
		SolutionGuid = {29563412-ADC2-404F-997B-332CC2D762E1}
	EndGlobalSection
EndGlobal
